
Microsoft Visual Studio Solution File, Format Version 12.00
# Visual Studio Version 16
VisualStudioVersion = 16.0.28803.202
MinimumVisualStudioVersion = 10.0.40219.1
Project("{9A19103F-16F7-4668-BE54-9A1E7A4F7556}") = "Nethereum.CodeGen.Blazor", "Nethereum.CodeGen.Blazor.csproj", "{CA8D7D25-8C43-4614-8B32-86EA1C8FF173}"
EndProject
Global
	GlobalSection(SolutionConfigurationPlatforms) = preSolution
		Debug|Any CPU = Debug|Any CPU
		Release|Any CPU = Release|Any CPU
	EndGlobalSection
	GlobalSection(ProjectConfigurationPlatforms) = postSolution
		{CA8D7D25-8C43-4614-8B32-86EA1C8FF173}.Debug|Any CPU.ActiveCfg = Debug|Any CPU
		{CA8D7D25-8C43-4614-8B32-86EA1C8FF173}.Debug|Any CPU.Build.0 = Debug|Any CPU
		{CA8D7D25-8C43-4614-8B32-86EA1C8FF173}.Release|Any CPU.ActiveCfg = Release|Any CPU
		{CA8D7D25-8C43-4614-8B32-86EA1C8FF173}.Release|Any CPU.Build.0 = Release|Any CPU
	EndGlobalSection
	GlobalSection(SolutionProperties) = preSolution
		HideSolutionNode = FALSE
	EndGlobalSection
	GlobalSection(ExtensibilityGlobals) = postSolution
		SolutionGuid = {6537D77A-1C22-4654-A2D5-D5E5E524CCA2}
	EndGlobalSection
EndGlobal
